
Microsoft Visual Studio Solution File, Format Version 10.00
# Visual Studio 2008
Project("{8BC9CEB8-8B4A-11D0-8D11-00A0C91BC942}") = "test_wincache", "test_wincache\test_wincache.vcproj", "{63CE4550-FD46-4792-8D2B-7712FC506756}"
EndProject
Global
	GlobalSection(SolutionConfigurationPlatforms) = preSolution
		Debug|Win32 = Debug|Win32
		Release|Win32 = Release|Win32
	EndGlobalSection
	GlobalSection(ProjectConfigurationPlatforms) = postSolution
		{63CE4550-FD46-4792-8D2B-7712FC506756}.Debug|Win32.ActiveCfg = Debug|Win32
		{63CE4550-FD46-4792-8D2B-7712FC506756}.Debug|Win32.Build.0 = Debug|Win32
		{63CE4550-FD46-4792-8D2B-7712FC506756}.Release|Win32.ActiveCfg = Release|Win32
		{63CE4550-FD46-4792-8D2B-7712FC506756}.Release|Win32.Build.0 = Release|Win32
	EndGlobalSection
	GlobalSection(SolutionProperties) = preSolution
		HideSolutionNode = FALSE
	EndGlobalSection
EndGlobal
